// !$*UTF8*$!
{
	archiveVersion = 1;
	classes = {
	};
	objectVersion = 46;
	objects = {

/* Begin PBXBuildFile section */
		6B4C48D721591BC700681610 /* FirstViewController.swift in Sources */ = {isa = PBXBuildFile; fileRef = 6B4C48D621591BC700681610 /* FirstViewController.swift */; };
		6B7DDFBB21572292005E80CE /* AppDelegate.swift in Sources */ = {isa = PBXBuildFile; fileRef = 6B7DDFBA21572292005E80CE /* AppDelegate.swift */; };
		6B7DDFBD21572292005E80CE /* LoginViewController.swift in Sources */ = {isa = PBXBuildFile; fileRef = 6B7DDFBC21572292005E80CE /* LoginViewController.swift */; };
		6B7DDFC021572292005E80CE /* Main.storyboard in Resources */ = {isa = PBXBuildFile; fileRef = 6B7DDFBE21572292005E80CE /* Main.storyboard */; };
		6B7DDFC221572292005E80CE /* Assets.xcassets in Resources */ = {isa = PBXBuildFile; fileRef = 6B7DDFC121572292005E80CE /* Assets.xcassets */; };
		6B7DDFC521572292005E80CE /* LaunchScreen.storyboard in Resources */ = {isa = PBXBuildFile; fileRef = 6B7DDFC321572292005E80CE /* LaunchScreen.storyboard */; };
		6B7DDFCD2157256B005E80CE /* MainTabController.swift in Sources */ = {isa = PBXBuildFile; fileRef = 6B7DDFCC2157256B005E80CE /* MainTabController.swift */; };
/* End PBXBuildFile section */

/* Begin PBXFileReference section */
		6B4C48D621591BC700681610 /* FirstViewController.swift */ = {isa = PBXFileReference; fileEncoding = 4; lastKnownFileType = sourcecode.swift; path = FirstViewController.swift; sourceTree = "<group>"; };
		6B7DDFB721572292005E80CE /* tabController.app */ = {isa = PBXFileReference; explicitFileType = wrapper.application; includeInIndex = 0; path = tabController.app; sourceTree = BUILT_PRODUCTS_DIR; };
		6B7DDFBA21572292005E80CE /* AppDelegate.swift */ = {isa = PBXFileReference; lastKnownFileType = sourcecode.swift; path = AppDelegate.swift; sourceTree = "<group>"; };
		6B7DDFBC21572292005E80CE /* LoginViewController.swift */ = {isa = PBXFileReference; lastKnownFileType = sourcecode.swift; path = LoginViewController.swift; sourceTree = "<group>"; };
		6B7DDFBF21572292005E80CE /* Base */ = {isa = PBXFileReference; lastKnownFileType = file.storyboard; name = Base; path = Base.lproj/Main.storyboard; sourceTree = "<group>"; };
		6B7DDFC121572292005E80CE /* Assets.xcassets */ = {isa = PBXFileReference; lastKnownFileType = folder.assetcatalog; path = Assets.xcassets; sourceTree = "<group>"; };
		6B7DDFC421572292005E80CE /* Base */ = {isa = PBXFileReference; lastKnownFileType = file.storyboard; name = Base; path = Base.lproj/LaunchScreen.storyboard; sourceTree = "<group>"; };
		6B7DDFC621572292005E80CE /* Info.plist */ = {isa = PBXFileReference; lastKnownFileType = text.plist.xml; path = Info.plist; sourceTree = "<group>"; };
		6B7DDFCC2157256B005E80CE /* MainTabController.swift */ = {isa = PBXFileReference; fileEncoding = 4; lastKnownFileType = sourcecode.swift; path = MainTabController.swift; sourceTree = "<group>"; };
/* End PBXFileReference section */

/* Begin PBXFrameworksBuildPhase section */
		6B7DDFB421572292005E80CE /* Frameworks */ = {
			isa = PBXFrameworksBuildPhase;
			buildActionMask = 2147483647;
			files = (
			);
			runOnlyForDeploymentPostprocessing = 0;
		};
/* End PBXFrameworksBuildPhase section */

/* Begin PBXGroup section */
		6B7DDFAE21572292005E80CE = {
			isa = PBXGroup;
			children = (
				6B7DDFB921572292005E80CE /* tabController */,
				6B7DDFB821572292005E80CE /* Products */,
			);
			sourceTree = "<group>";
		};
		6B7DDFB821572292005E80CE /* Products */ = {
			isa = PBXGroup;
			children = (
				6B7DDFB721572292005E80CE /* tabController.app */,
			);
			name = Products;
			sourceTree = "<group>";
		};
		6B7DDFB921572292005E80CE /* tabController */ = {
			isa = PBXGroup;
			children = (
				6B7DDFBA21572292005E80CE /* AppDelegate.swift */,
				6B7DDFBC21572292005E80CE /* LoginViewController.swift */,
				6B7DDFBE21572292005E80CE /* Main.storyboard */,
				6B7DDFC121572292005E80CE /* Assets.xcassets */,
				6B7DDFC321572292005E80CE /* LaunchScreen.storyboard */,
				6B7DDFC621572292005E80CE /* Info.plist */,
				6B7DDFCC2157256B005E80CE /* MainTabController.swift */,
				6B4C48D621591BC700681610 /* FirstViewController.swift */,
			);
			path = tabController;
			sourceTree = "<group>";
		};
/* End PBXGroup section */

/* Begin PBXNativeTarget section */
		6B7DDFB621572292005E80CE /* tabController */ = {
			isa = PBXNativeTarget;
			buildConfigurationList = 6B7DDFC921572292005E80CE /* Build configuration list for PBXNativeTarget "tabController" */;
			buildPhases = (
				6B7DDFB321572292005E80CE /* Sources */,
				6B7DDFB421572292005E80CE /* Frameworks */,
				6B7DDFB521572292005E80CE /* Resources */,
			);
			buildRules = (
			);
			dependencies = (
			);
			name = tabController;
			productName = tabController;
			productReference = 6B7DDFB721572292005E80CE /* tabController.app */;
			productType = "com.apple.product-type.application";
		};
/* End PBXNativeTarget section */

/* Begin PBXProject section */
		6B7DDFAF21572292005E80CE /* Project object */ = {
			isa = PBXProject;
			attributes = {
				LastSwiftUpdateCheck = 0830;
				LastUpgradeCheck = 0830;
				ORGANIZATIONNAME = OedipusRexed;
				TargetAttributes = {
					6B7DDFB621572292005E80CE = {
						CreatedOnToolsVersion = 8.3.3;
						DevelopmentTeam = JA642DVQ58;
						ProvisioningStyle = Automatic;
					};
				};
			};
			buildConfigurationList = 6B7DDFB221572292005E80CE /* Build configuration list for PBXProject "tabController" */;
			compatibilityVersion = "Xcode 3.2";
			developmentRegion = English;
			hasScannedForEncodings = 0;
			knownRegions = (
				en,
				Base,
			);
			mainGroup = 6B7DDFAE21572292005E80CE;
			productRefGroup = 6B7DDFB821572292005E80CE /* Products */;
			projectDirPath = "";
			projectRoot = "";
			targets = (
				6B7DDFB621572292005E80CE /* tabController */,
			);
		};
/* End PBXProject section */

/* Begin PBXResourcesBuildPhase section */
		6B7DDFB521572292005E80CE /* Resources */ = {
			isa = PBXResourcesBuildPhase;
			buildActionMask = 2147483647;
			files = (
				6B7DDFC521572292005E80CE /* LaunchScreen.storyboard in Resources */,
				6B7DDFC221572292005E80CE /* Assets.xcassets in Resources */,
				6B7DDFC021572292005E80CE /* Main.storyboard in Resources */,
			);
			runOnlyForDeploymentPostprocessing = 0;
		};
/* End PBXResourcesBuildPhase section */

/* Begin PBXSourcesBuildPhase section */
		6B7DDFB321572292005E80CE /* Sources */ = {
			isa = PBXSourcesBuildPhase;
			buildActionMask = 2147483647;
			files = (
				6B7DDFBD21572292005E80CE /* LoginViewController.swift in Sources */,
				6B7DDFBB21572292005E80CE /* AppDelegate.swift in Sources */,
				6B7DDFCD2157256B005E80CE /* MainTabController.swift in Sources */,
				6B4C48D721591BC700681610 /* FirstViewController.swift in Sources */,
			);
			runOnlyForDeploymentPostprocessing = 0;
		};
/* End PBXSourcesBuildPhase section */

/* Begin PBXVariantGroup section */
		6B7DDFBE21572292005E80CE /* Main.storyboard */ = {
			isa = PBXVariantGroup;
			children = (
				6B7DDFBF21572292005E80CE /* Base */,
			);
			name = Main.storyboard;
			sourceTree = "<group>";
		};
		6B7DDFC321572292005E80CE /* LaunchScreen.storyboard */ = {
			isa = PBXVariantGroup;
			children = (
				6B7DDFC421572292005E80CE /* Base */,
			);
			name = LaunchScreen.storyboard;
			sourceTree = "<group>";
		};
/* End PBXVariantGroup section */

/* Begin XCBuildConfiguration section */
		6B7DDFC721572292005E80CE /* Debug */ = {
			isa = XCBuildConfiguration;
			buildSettings = {
				ALWAYS_SEARCH_USER_PATHS = NO;
				CLANG_ANALYZER_NONNULL = YES;
				CLANG_ANALYZER_NUMBER_OBJECT_CONVERSION = YES_AGGRESSIVE;
				CLANG_CXX_LANGUAGE_STANDARD = "gnu++0x";
				CLANG_CXX_LIBRARY = "libc++";
				CLANG_ENABLE_MODULES = YES;
				CLANG_ENABLE_OBJC_ARC = YES;
				CLANG_WARN_BOOL_CONVERSION = YES;
				CLANG_WARN_CONSTANT_CONVERSION = YES;
				CLANG_WARN_DIRECT_OBJC_ISA_USAGE = YES_ERROR;
				CLANG_WARN_DOCUMENTATION_COMMENTS = YES;
				CLANG_WARN_EMPTY_BODY = YES;
				CLANG_WARN_ENUM_CONVERSION = YES;
				CLANG_WARN_INFINITE_RECURSION = YES;
				CLANG_WARN_INT_CONVERSION = YES;
				CLANG_WARN_OBJC_ROOT_CLASS = YES_ERROR;
				CLANG_WARN_SUSPICIOUS_MOVE = YES;
				CLANG_WARN_UNREACHABLE_CODE = YES;
				CLANG_WARN__DUPLICATE_METHOD_MATCH = YES;
				"CODE_SIGN_IDENTITY[sdk=iphoneos*]" = "iPhone Developer";
				COPY_PHASE_STRIP = NO;
				DEBUG_INFORMATION_FORMAT = dwarf;
				ENABLE_STRICT_OBJC_MSGSEND = YES;
				ENABLE_TESTABILITY = YES;
				GCC_C_LANGUAGE_STANDARD = gnu99;
				GCC_DYNAMIC_NO_PIC = NO;
				GCC_NO_COMMON_BLOCKS = YES;
				GCC_OPTIMIZATION_LEVEL = 0;
				GCC_PREPROCESSOR_DEFINITIONS = (
					"DEBUG=1",
					"$(inherited)",
				);
				GCC_WARN_64_TO_32_BIT_CONVERSION = YES;
				GCC_WARN_ABOUT_RETURN_TYPE = YES_ERROR;
				GCC_WARN_UNDECLARED_SELECTOR = YES;
				GCC_WARN_UNINITIALIZED_AUTOS = YES_AGGRESSIVE;
				GCC_WARN_UNUSED_FUNCTION = YES;
				GCC_WARN_UNUSED_VARIABLE = YES;
				IPHONEOS_DEPLOYMENT_TARGET = 10.3;
				MTL_ENABLE_DEBUG_INFO = YES;
				ONLY_ACTIVE_ARCH = YES;
				SDKROOT = iphoneos;
				SWIFT_ACTIVE_COMPILATION_CONDITIONS = DEBUG;
				SWIFT_OPTIMIZATION_LEVEL = "-Onone";
				TARGETED_DEVICE_FAMILY = "1,2";
			};
			name = Debug;
		};
		6B7DDFC821572292005E80CE /* Release */ = {
			isa = XCBuildConfiguration;
			buildSettings = {
				ALWAYS_SEARCH_USER_PATHS = NO;
				CLANG_ANALYZER_NONNULL = YES;
				CLANG_ANALYZER_NUMBER_OBJECT_CONVERSION = YES_AGGRESSIVE;
				CLANG_CXX_LANGUAGE_STANDARD = "gnu++0x";
				CLANG_CXX_LIBRARY = "libc++";
				CLANG_ENABLE_MODULES = YES;
				CLANG_ENABLE_OBJC_ARC = YES;
				CLANG_WARN_BOOL_CONVERSION = YES;
				CLANG_WARN_CONSTANT_CONVERSION = YES;
				CLANG_WARN_DIRECT_OBJC_ISA_USAGE = YES_ERROR;
				CLANG_WARN_DOCUMENTATION_COMMENTS = YES;
				CLANG_WARN_EMPTY_BODY = YES;
				CLANG_WARN_ENUM_CONVERSION = YES;
				CLANG_WARN_INFINITE_RECURSION = YES;
				CLANG_WARN_INT_CONVERSION = YES;
				CLANG_WARN_OBJC_ROOT_CLASS = YES_ERROR;
				CLANG_WARN_SUSPICIOUS_MOVE = YES;
				CLANG_WARN_UNREACHABLE_CODE = YES;
				CLANG_WARN__DUPLICATE_METHOD_MATCH = YES;
				"CODE_SIGN_IDENTITY[sdk=iphoneos*]" = "iPhone Developer";
				COPY_PHASE_STRIP = NO;
				DEBUG_INFORMATION_FORMAT = "dwarf-with-dsym";
				ENABLE_NS_ASSERTIONS = NO;
				ENABLE_STRICT_OBJC_MSGSEND = YES;
				GCC_C_LANGUAGE_STANDARD = gnu99;
				GCC_NO_COMMON_BLOCKS = YES;
				GCC_WARN_64_TO_32_BIT_CONVERSION = YES;
				GCC_WARN_ABOUT_RETURN_TYPE = YES_ERROR;
				GCC_WARN_UNDECLARED_SELECTOR = YES;
				GCC_WARN_UNINITIALIZED_AUTOS = YES_AGGRESSIVE;
				GCC_WARN_UNUSED_FUNCTION = YES;
				GCC_WARN_UNUSED_VARIABLE = YES;
				IPHONEOS_DEPLOYMENT_TARGET = 10.3;
				MTL_ENABLE_DEBUG_INFO = NO;
				SDKROOT = iphoneos;
				SWIFT_OPTIMIZATION_LEVEL = "-Owholemodule";
				TARGETED_DEVICE_FAMILY = "1,2";
				VALIDATE_PRODUCT = YES;
			};
			name = Release;
		};
		6B7DDFCA21572292005E80CE /* Debug */ = {
			isa = XCBuildConfiguration;
			buildSettings = {
				ASSETCATALOG_COMPILER_APPICON_NAME = AppIcon;
				DEVELOPMENT_TEAM = JA642DVQ58;
				INFOPLIST_FILE = tabController/Info.plist;
				LD_RUNPATH_SEARCH_PATHS = "$(inherited) @executable_path/Frameworks";
				PRODUCT_BUNDLE_IDENTIFIER = com.OedipusRexed.tabController;
				PRODUCT_NAME = "$(TARGET_NAME)";
				SWIFT_VERSION = 3.0;
			};
			name = Debug;
		};
		6B7DDFCB21572292005E80CE /* Release */ = {
			isa = XCBuildConfiguration;
			buildSettings = {
				ASSETCATALOG_COMPILER_APPICON_NAME = AppIcon;
				DEVELOPMENT_TEAM = JA642DVQ58;
				INFOPLIST_FILE = tabController/Info.plist;
				LD_RUNPATH_SEARCH_PATHS = "$(inherited) @executable_path/Frameworks";
				PRODUCT_BUNDLE_IDENTIFIER = com.OedipusRexed.tabController;
				PRODUCT_NAME = "$(TARGET_NAME)";
				SWIFT_VERSION = 3.0;
			};
			name = Release;
		};
/* End XCBuildConfiguration section */

/* Begin XCConfigurationList section */
		6B7DDFB221572292005E80CE /* Build configuration list for PBXProject "tabController" */ = {
			isa = XCConfigurationList;
			buildConfigurations = (
				6B7DDFC721572292005E80CE /* Debug */,
				6B7DDFC821572292005E80CE /* Release */,
			);
			defaultConfigurationIsVisible = 0;
			defaultConfigurationName = Release;
		};
		6B7DDFC921572292005E80CE /* Build configuration list for PBXNativeTarget "tabController" */ = {
			isa = XCConfigurationList;
			buildConfigurations = (
				6B7DDFCA21572292005E80CE /* Debug */,
				6B7DDFCB21572292005E80CE /* Release */,
			);
			defaultConfigurationIsVisible = 0;
			defaultConfigurationName = Release;
		};
/* End XCConfigurationList section */
	};
	rootObject = 6B7DDFAF21572292005E80CE /* Project object */;
}
